
Microsoft Visual Studio Solution File, Format Version 12.00
# Visual Studio Version 17
VisualStudioVersion = 17.4.33205.214
MinimumVisualStudioVersion = 10.0.40219.1
Project("{FAE04EC0-301F-11D3-BF4B-00C04F79EFBC}") = "ExamPreparation.Android", "ExamPreparation\ExamPreparation.Android\ExamPreparation.Android.csproj", "{9559C4A3-341C-45C0-9563-E057ACD404DF}"
EndProject
Project("{FAE04EC0-301F-11D3-BF4B-00C04F79EFBC}") = "ExamPreparation", "ExamPreparation\ExamPreparation\ExamPreparation.csproj", "{B071F401-0FD8-4917-BB95-8B85BB54E8B7}"
EndProject
Global
	GlobalSection(SolutionConfigurationPlatforms) = preSolution
		Debug|Any CPU = Debug|Any CPU
		Release|Any CPU = Release|Any CPU
	EndGlobalSection
	GlobalSection(ProjectConfigurationPlatforms) = postSolution
		{9559C4A3-341C-45C0-9563-E057ACD404DF}.Debug|Any CPU.ActiveCfg = Debug|Any CPU
		{9559C4A3-341C-45C0-9563-E057ACD404DF}.Debug|Any CPU.Build.0 = Debug|Any CPU
		{9559C4A3-341C-45C0-9563-E057ACD404DF}.Debug|Any CPU.Deploy.0 = Debug|Any CPU
		{9559C4A3-341C-45C0-9563-E057ACD404DF}.Release|Any CPU.ActiveCfg = Release|Any CPU
		{9559C4A3-341C-45C0-9563-E057ACD404DF}.Release|Any CPU.Build.0 = Release|Any CPU
		{9559C4A3-341C-45C0-9563-E057ACD404DF}.Release|Any CPU.Deploy.0 = Release|Any CPU
		{B071F401-0FD8-4917-BB95-8B85BB54E8B7}.Debug|Any CPU.ActiveCfg = Debug|Any CPU
		{B071F401-0FD8-4917-BB95-8B85BB54E8B7}.Debug|Any CPU.Build.0 = Debug|Any CPU
		{B071F401-0FD8-4917-BB95-8B85BB54E8B7}.Debug|Any CPU.Deploy.0 = Debug|Any CPU
		{B071F401-0FD8-4917-BB95-8B85BB54E8B7}.Release|Any CPU.ActiveCfg = Release|Any CPU
		{B071F401-0FD8-4917-BB95-8B85BB54E8B7}.Release|Any CPU.Build.0 = Release|Any CPU
		{B071F401-0FD8-4917-BB95-8B85BB54E8B7}.Release|Any CPU.Deploy.0 = Release|Any CPU
	EndGlobalSection
	GlobalSection(SolutionProperties) = preSolution
		HideSolutionNode = FALSE
	EndGlobalSection
	GlobalSection(ExtensibilityGlobals) = postSolution
		SolutionGuid = {620BE521-E61B-4970-BD98-97095A34C386}
	EndGlobalSection
EndGlobal
